
Microsoft Visual Studio Solution File, Format Version 12.00
# Visual Studio Version 16
VisualStudioVersion = 16.0.29509.3
MinimumVisualStudioVersion = 10.0.40219.1
Project("{FAE04EC0-301F-11D3-BF4B-00C04F79EFBC}") = "FilteredMapWeb", "FilteredMapWeb.csproj", "{6DF09CB7-F1A7-4D97-B721-0D9408337CCB}"
EndProject
Global
	GlobalSection(SolutionConfigurationPlatforms) = preSolution
		Debug|Any CPU = Debug|Any CPU
		Release|Any CPU = Release|Any CPU
	EndGlobalSection
	GlobalSection(ProjectConfigurationPlatforms) = postSolution
		{6DF09CB7-F1A7-4D97-B721-0D9408337CCB}.Debug|Any CPU.ActiveCfg = Debug|Any CPU
		{6DF09CB7-F1A7-4D97-B721-0D9408337CCB}.Debug|Any CPU.Build.0 = Debug|Any CPU
		{6DF09CB7-F1A7-4D97-B721-0D9408337CCB}.Release|Any CPU.ActiveCfg = Release|Any CPU
		{6DF09CB7-F1A7-4D97-B721-0D9408337CCB}.Release|Any CPU.Build.0 = Release|Any CPU
	EndGlobalSection
	GlobalSection(SolutionProperties) = preSolution
		HideSolutionNode = FALSE
	EndGlobalSection
	GlobalSection(ExtensibilityGlobals) = postSolution
		SolutionGuid = {0D9B583A-ED62-4203-85D8-F46977BBE4B8}
	EndGlobalSection
EndGlobal
